{
  "name": "cumbaya-village-site",
  "lockfileVersion": 3,
  "requires": true,
  "packages": {
    "": {
      "name": "cumbaya-village-site",
      "devDependencies": {
        "@babel/standalone": "7.29.0"
      }
    },
    "node_modules/@babel/standalone": {
      "version": "7.29.0",
      "resolved": "https://registry.npmjs.org/@babel/standalone/-/standalone-7.29.0.tgz",
      "integrity": "sha512-ZbVDXDodISaxYugID/OCXRv6kMnADgTnHqNtSm2oBq4vHI81uFkbxXtdlSlguYe3BB4HiFwZ5kxa1kjrLMOuWg==",
      "dev": true,
      "license": "MIT",
      "engines": {
        "node": ">=6.9.0"
      }
    }
  }
}
